Microsoft Visual Studio Solution File, Format Version 11.00
# Visual Studio 2008

Project("{2CF0EF34-FE6E-B3E6-2C22-CECEE1853D95}") = "Graybox", "Assembly-UnityScript.unityproj", "{DDCD225E-850F-261D-5FB4-7AAB04DA78DC}"
EndProject
Project("{2CF0EF34-FE6E-B3E6-2C22-CECEE1853D95}") = "Graybox", "Assembly-UnityScript-Editor.unityproj", "{893AF0FE-40DE-C4BC-46C9-BDCC0ADF935E}"
EndProject
Global
	GlobalSection(SolutionConfigurationPlatforms) = preSolution
		Debug|Any CPU = Debug|Any CPU
		Release|Any CPU = Release|Any CPU
	EndGlobalSection
	GlobalSection(ProjectConfigurationPlatforms) = postSolution
		{DDCD225E-850F-261D-5FB4-7AAB04DA78DC}.Debug|Any CPU.ActiveCfg = Debug|Any CPU
		{DDCD225E-850F-261D-5FB4-7AAB04DA78DC}.Debug|Any CPU.Build.0 = Debug|Any CPU
		{DDCD225E-850F-261D-5FB4-7AAB04DA78DC}.Release|Any CPU.ActiveCfg = Release|Any CPU
		{DDCD225E-850F-261D-5FB4-7AAB04DA78DC}.Release|Any CPU.Build.0 = Release|Any CPU
		{893AF0FE-40DE-C4BC-46C9-BDCC0ADF935E}.Debug|Any CPU.ActiveCfg = Debug|Any CPU
		{893AF0FE-40DE-C4BC-46C9-BDCC0ADF935E}.Debug|Any CPU.Build.0 = Debug|Any CPU
		{893AF0FE-40DE-C4BC-46C9-BDCC0ADF935E}.Release|Any CPU.ActiveCfg = Release|Any CPU
		{893AF0FE-40DE-C4BC-46C9-BDCC0ADF935E}.Release|Any CPU.Build.0 = Release|Any CPU
	EndGlobalSection
	GlobalSection(SolutionProperties) = preSolution
		HideSolutionNode = FALSE
	EndGlobalSection
																													GlobalSection(MonoDevelopProperties) = preSolution
		StartupItem = Assembly-CSharp.csproj
		Policies = $0
		$0.TextStylePolicy = $1
		$1.inheritsSet = null
		$1.scope = text/x-csharp
		$0.CSharpFormattingPolicy = $2
		$2.inheritsSet = Mono
		$2.inheritsScope = text/x-csharp
		$2.scope = text/x-csharp
		$0.TextStylePolicy = $3
		$3.FileWidth = 120
		$3.TabWidth = 4
		$3.EolMarker = Unix
		$3.inheritsSet = Mono
		$3.inheritsScope = text/plain
		$3.scope = text/plain
	EndGlobalSection

EndGlobal
